{
  "name": "yonyou-ext-dataListener",
  "version": "0.0.7",
  "lockfileVersion": 2,
  "requires": true,
  "packages": {
    "": {
      "name": "yonyou-ext-dataListener",
      "version": "0.0.7",
      "hasInstallScript": true,
      "license": "MIT",
      "dependencies": {
        "electron-log": "^5.0.0-beta.15",
        "luxon": "^3.2.1"
      }
    },
    "node_modules/electron-log": {
      "version": "5.0.0-beta.16",
      "resolved": "https://registry.npmmirror.com/electron-log/-/electron-log-5.0.0-beta.16.tgz",
      "integrity": "sha512-oBGFKjAsOXyzhvJIW0s+HIA7cV+kZ0B0FvO3hKyS8yPDGFsjQyr3M8N7ZyYxI6yEeihVID3CCfsTmpi6L9k0gw==",
      "engines": {
        "electron": ">= 13",
        "node": ">= 14"
      }
    },
    "node_modules/luxon": {
      "version": "3.2.1",
      "resolved": "https://registry.npmmirror.com/luxon/-/luxon-3.2.1.tgz",
      "integrity": "sha512-QrwPArQCNLAKGO/C+ZIilgIuDnEnKx5QYODdDtbFaxzsbZcc/a7WFq7MhsVYgRlwawLtvOUESTlfJ+hc/USqPg==",
      "engines": {
        "node": ">=12"
      }
    }
  },
  "dependencies": {
    "electron-log": {
      "version": "5.0.0-beta.16",
      "resolved": "https://registry.npmmirror.com/electron-log/-/electron-log-5.0.0-beta.16.tgz",
      "integrity": "sha512-oBGFKjAsOXyzhvJIW0s+HIA7cV+kZ0B0FvO3hKyS8yPDGFsjQyr3M8N7ZyYxI6yEeihVID3CCfsTmpi6L9k0gw=="
    },
    "luxon": {
      "version": "3.2.1",
      "resolved": "https://registry.npmmirror.com/luxon/-/luxon-3.2.1.tgz",
      "integrity": "sha512-QrwPArQCNLAKGO/C+ZIilgIuDnEnKx5QYODdDtbFaxzsbZcc/a7WFq7MhsVYgRlwawLtvOUESTlfJ+hc/USqPg=="
    }
  }
}
